
Microsoft Visual Studio Solution File, Format Version 12.00
# Visual Studio Version 16
VisualStudioVersion = 16.0.32510.428
MinimumVisualStudioVersion = 10.0.40219.1
Project("{FAE04EC0-301F-11D3-BF4B-00C04F79EFBC}") = "CollectionSwippe.Android", "CollectionSwippe.Android\CollectionSwippe.Android.csproj", "{CA263489-6177-4CB9-BA63-C47AA2C4C008}"
EndProject
Project("{FAE04EC0-301F-11D3-BF4B-00C04F79EFBC}") = "CollectionSwippe.iOS", "CollectionSwippe.iOS\CollectionSwippe.iOS.csproj", "{08EF3B92-2A82-455A-A591-1A04254131E9}"
EndProject
Project("{FAE04EC0-301F-11D3-BF4B-00C04F79EFBC}") = "CollectionSwippe", "CollectionSwippe\CollectionSwippe.csproj", "{074FC836-5CB9-45AB-85E3-D229B063CB36}"
EndProject
Global
	GlobalSection(SolutionConfigurationPlatforms) = preSolution
		Debug|Any CPU = Debug|Any CPU
		Debug|iPhone = Debug|iPhone
		Debug|iPhoneSimulator = Debug|iPhoneSimulator
		Release|Any CPU = Release|Any CPU
		Release|iPhone = Release|iPhone
		Release|iPhoneSimulator = Release|iPhoneSimulator
	EndGlobalSection
	GlobalSection(ProjectConfigurationPlatforms) = postSolution
		{CA263489-6177-4CB9-BA63-C47AA2C4C008}.Debug|Any CPU.ActiveCfg = Debug|Any CPU
		{CA263489-6177-4CB9-BA63-C47AA2C4C008}.Debug|Any CPU.Build.0 = Debug|Any CPU
		{CA263489-6177-4CB9-BA63-C47AA2C4C008}.Debug|Any CPU.Deploy.0 = Debug|Any CPU
		{CA263489-6177-4CB9-BA63-C47AA2C4C008}.Debug|iPhone.ActiveCfg = Debug|Any CPU
		{CA263489-6177-4CB9-BA63-C47AA2C4C008}.Debug|iPhone.Build.0 = Debug|Any CPU
		{CA263489-6177-4CB9-BA63-C47AA2C4C008}.Debug|iPhone.Deploy.0 = Debug|Any CPU
		{CA263489-6177-4CB9-BA63-C47AA2C4C008}.Debug|iPhoneSimulator.ActiveCfg = Debug|Any CPU
		{CA263489-6177-4CB9-BA63-C47AA2C4C008}.Debug|iPhoneSimulator.Build.0 = Debug|Any CPU
		{CA263489-6177-4CB9-BA63-C47AA2C4C008}.Debug|iPhoneSimulator.Deploy.0 = Debug|Any CPU
		{CA263489-6177-4CB9-BA63-C47AA2C4C008}.Release|Any CPU.ActiveCfg = Release|Any CPU
		{CA263489-6177-4CB9-BA63-C47AA2C4C008}.Release|Any CPU.Build.0 = Release|Any CPU
		{CA263489-6177-4CB9-BA63-C47AA2C4C008}.Release|Any CPU.Deploy.0 = Release|Any CPU
		{CA263489-6177-4CB9-BA63-C47AA2C4C008}.Release|iPhone.ActiveCfg = Release|Any CPU
		{CA263489-6177-4CB9-BA63-C47AA2C4C008}.Release|iPhone.Build.0 = Release|Any CPU
		{CA263489-6177-4CB9-BA63-C47AA2C4C008}.Release|iPhone.Deploy.0 = Release|Any CPU
		{CA263489-6177-4CB9-BA63-C47AA2C4C008}.Release|iPhoneSimulator.ActiveCfg = Release|Any CPU
		{CA263489-6177-4CB9-BA63-C47AA2C4C008}.Release|iPhoneSimulator.Build.0 = Release|Any CPU
		{CA263489-6177-4CB9-BA63-C47AA2C4C008}.Release|iPhoneSimulator.Deploy.0 = Release|Any CPU
		{08EF3B92-2A82-455A-A591-1A04254131E9}.Debug|Any CPU.ActiveCfg = Debug|iPhone
		{08EF3B92-2A82-455A-A591-1A04254131E9}.Debug|Any CPU.Build.0 = Debug|iPhone
		{08EF3B92-2A82-455A-A591-1A04254131E9}.Debug|Any CPU.Deploy.0 = Debug|iPhone
		{08EF3B92-2A82-455A-A591-1A04254131E9}.Debug|iPhone.ActiveCfg = Debug|iPhone
		{08EF3B92-2A82-455A-A591-1A04254131E9}.Debug|iPhone.Build.0 = Debug|iPhone
		{08EF3B92-2A82-455A-A591-1A04254131E9}.Debug|iPhone.Deploy.0 = Debug|iPhone
		{08EF3B92-2A82-455A-A591-1A04254131E9}.Debug|iPhoneSimulator.ActiveCfg = Debug|iPhoneSimulator
		{08EF3B92-2A82-455A-A591-1A04254131E9}.Debug|iPhoneSimulator.Build.0 = Debug|iPhoneSimulator
		{08EF3B92-2A82-455A-A591-1A04254131E9}.Debug|iPhoneSimulator.Deploy.0 = Debug|iPhoneSimulator
		{08EF3B92-2A82-455A-A591-1A04254131E9}.Release|Any CPU.ActiveCfg = Release|iPhoneSimulator
		{08EF3B92-2A82-455A-A591-1A04254131E9}.Release|Any CPU.Build.0 = Release|iPhoneSimulator
		{08EF3B92-2A82-455A-A591-1A04254131E9}.Release|Any CPU.Deploy.0 = Release|iPhoneSimulator
		{08EF3B92-2A82-455A-A591-1A04254131E9}.Release|iPhone.ActiveCfg = Release|iPhone
		{08EF3B92-2A82-455A-A591-1A04254131E9}.Release|iPhone.Build.0 = Release|iPhone
		{08EF3B92-2A82-455A-A591-1A04254131E9}.Release|iPhone.Deploy.0 = Release|iPhone
		{08EF3B92-2A82-455A-A591-1A04254131E9}.Release|iPhoneSimulator.ActiveCfg = Release|iPhoneSimulator
		{08EF3B92-2A82-455A-A591-1A04254131E9}.Release|iPhoneSimulator.Build.0 = Release|iPhoneSimulator
		{08EF3B92-2A82-455A-A591-1A04254131E9}.Release|iPhoneSimulator.Deploy.0 = Release|iPhoneSimulator
		{074FC836-5CB9-45AB-85E3-D229B063CB36}.Debug|Any CPU.ActiveCfg = Debug|Any CPU
		{074FC836-5CB9-45AB-85E3-D229B063CB36}.Debug|Any CPU.Build.0 = Debug|Any CPU
		{074FC836-5CB9-45AB-85E3-D229B063CB36}.Debug|Any CPU.Deploy.0 = Debug|Any CPU
		{074FC836-5CB9-45AB-85E3-D229B063CB36}.Debug|iPhone.ActiveCfg = Debug|Any CPU
		{074FC836-5CB9-45AB-85E3-D229B063CB36}.Debug|iPhone.Build.0 = Debug|Any CPU
		{074FC836-5CB9-45AB-85E3-D229B063CB36}.Debug|iPhone.Deploy.0 = Debug|Any CPU
		{074FC836-5CB9-45AB-85E3-D229B063CB36}.Debug|iPhoneSimulator.ActiveCfg = Debug|Any CPU
		{074FC836-5CB9-45AB-85E3-D229B063CB36}.Debug|iPhoneSimulator.Build.0 = Debug|Any CPU
		{074FC836-5CB9-45AB-85E3-D229B063CB36}.Debug|iPhoneSimulator.Deploy.0 = Debug|Any CPU
		{074FC836-5CB9-45AB-85E3-D229B063CB36}.Release|Any CPU.ActiveCfg = Release|Any CPU
		{074FC836-5CB9-45AB-85E3-D229B063CB36}.Release|Any CPU.Build.0 = Release|Any CPU
		{074FC836-5CB9-45AB-85E3-D229B063CB36}.Release|Any CPU.Deploy.0 = Release|Any CPU
		{074FC836-5CB9-45AB-85E3-D229B063CB36}.Release|iPhone.ActiveCfg = Release|Any CPU
		{074FC836-5CB9-45AB-85E3-D229B063CB36}.Release|iPhone.Build.0 = Release|Any CPU
		{074FC836-5CB9-45AB-85E3-D229B063CB36}.Release|iPhone.Deploy.0 = Release|Any CPU
		{074FC836-5CB9-45AB-85E3-D229B063CB36}.Release|iPhoneSimulator.ActiveCfg = Release|Any CPU
		{074FC836-5CB9-45AB-85E3-D229B063CB36}.Release|iPhoneSimulator.Build.0 = Release|Any CPU
		{074FC836-5CB9-45AB-85E3-D229B063CB36}.Release|iPhoneSimulator.Deploy.0 = Release|Any CPU
	EndGlobalSection
	GlobalSection(SolutionProperties) = preSolution
		HideSolutionNode = FALSE
	EndGlobalSection
	GlobalSection(ExtensibilityGlobals) = postSolution
		SolutionGuid = {E677C1B7-CFFA-42AE-9624-D3BB62122EB2}
	EndGlobalSection
EndGlobal
