
Microsoft Visual Studio Solution File, Format Version 12.00
# Visual Studio Version 16
VisualStudioVersion = 16.0.32510.428
MinimumVisualStudioVersion = 10.0.40219.1
Project("{FAE04EC0-301F-11D3-BF4B-00C04F79EFBC}") = "XamEssential1.Android", "XamEssential1.Android\XamEssential1.Android.csproj", "{61D42A89-1756-4F67-8C6A-832C237214AA}"
EndProject
Project("{FAE04EC0-301F-11D3-BF4B-00C04F79EFBC}") = "XamEssential1.iOS", "XamEssential1.iOS\XamEssential1.iOS.csproj", "{F33797B2-8B20-4109-80BD-8D4BB84D4321}"
EndProject
Project("{FAE04EC0-301F-11D3-BF4B-00C04F79EFBC}") = "XamEssential1", "XamEssential1\XamEssential1.csproj", "{9D17A9E4-CCEB-4F81-9619-3CB5C878EF0A}"
EndProject
Global
	GlobalSection(SolutionConfigurationPlatforms) = preSolution
		Debug|Any CPU = Debug|Any CPU
		Debug|iPhone = Debug|iPhone
		Debug|iPhoneSimulator = Debug|iPhoneSimulator
		Release|Any CPU = Release|Any CPU
		Release|iPhone = Release|iPhone
		Release|iPhoneSimulator = Release|iPhoneSimulator
	EndGlobalSection
	GlobalSection(ProjectConfigurationPlatforms) = postSolution
		{61D42A89-1756-4F67-8C6A-832C237214AA}.Debug|Any CPU.ActiveCfg = Debug|Any CPU
		{61D42A89-1756-4F67-8C6A-832C237214AA}.Debug|Any CPU.Build.0 = Debug|Any CPU
		{61D42A89-1756-4F67-8C6A-832C237214AA}.Debug|Any CPU.Deploy.0 = Debug|Any CPU
		{61D42A89-1756-4F67-8C6A-832C237214AA}.Debug|iPhone.ActiveCfg = Debug|Any CPU
		{61D42A89-1756-4F67-8C6A-832C237214AA}.Debug|iPhone.Build.0 = Debug|Any CPU
		{61D42A89-1756-4F67-8C6A-832C237214AA}.Debug|iPhone.Deploy.0 = Debug|Any CPU
		{61D42A89-1756-4F67-8C6A-832C237214AA}.Debug|iPhoneSimulator.ActiveCfg = Debug|Any CPU
		{61D42A89-1756-4F67-8C6A-832C237214AA}.Debug|iPhoneSimulator.Build.0 = Debug|Any CPU
		{61D42A89-1756-4F67-8C6A-832C237214AA}.Debug|iPhoneSimulator.Deploy.0 = Debug|Any CPU
		{61D42A89-1756-4F67-8C6A-832C237214AA}.Release|Any CPU.ActiveCfg = Release|Any CPU
		{61D42A89-1756-4F67-8C6A-832C237214AA}.Release|Any CPU.Build.0 = Release|Any CPU
		{61D42A89-1756-4F67-8C6A-832C237214AA}.Release|Any CPU.Deploy.0 = Release|Any CPU
		{61D42A89-1756-4F67-8C6A-832C237214AA}.Release|iPhone.ActiveCfg = Release|Any CPU
		{61D42A89-1756-4F67-8C6A-832C237214AA}.Release|iPhone.Build.0 = Release|Any CPU
		{61D42A89-1756-4F67-8C6A-832C237214AA}.Release|iPhone.Deploy.0 = Release|Any CPU
		{61D42A89-1756-4F67-8C6A-832C237214AA}.Release|iPhoneSimulator.ActiveCfg = Release|Any CPU
		{61D42A89-1756-4F67-8C6A-832C237214AA}.Release|iPhoneSimulator.Build.0 = Release|Any CPU
		{61D42A89-1756-4F67-8C6A-832C237214AA}.Release|iPhoneSimulator.Deploy.0 = Release|Any CPU
		{F33797B2-8B20-4109-80BD-8D4BB84D4321}.Debug|Any CPU.ActiveCfg = Debug|iPhone
		{F33797B2-8B20-4109-80BD-8D4BB84D4321}.Debug|Any CPU.Build.0 = Debug|iPhone
		{F33797B2-8B20-4109-80BD-8D4BB84D4321}.Debug|Any CPU.Deploy.0 = Debug|iPhone
		{F33797B2-8B20-4109-80BD-8D4BB84D4321}.Debug|iPhone.ActiveCfg = Debug|iPhone
		{F33797B2-8B20-4109-80BD-8D4BB84D4321}.Debug|iPhone.Build.0 = Debug|iPhone
		{F33797B2-8B20-4109-80BD-8D4BB84D4321}.Debug|iPhone.Deploy.0 = Debug|iPhone
		{F33797B2-8B20-4109-80BD-8D4BB84D4321}.Debug|iPhoneSimulator.ActiveCfg = Debug|iPhoneSimulator
		{F33797B2-8B20-4109-80BD-8D4BB84D4321}.Debug|iPhoneSimulator.Build.0 = Debug|iPhoneSimulator
		{F33797B2-8B20-4109-80BD-8D4BB84D4321}.Debug|iPhoneSimulator.Deploy.0 = Debug|iPhoneSimulator
		{F33797B2-8B20-4109-80BD-8D4BB84D4321}.Release|Any CPU.ActiveCfg = Release|iPhoneSimulator
		{F33797B2-8B20-4109-80BD-8D4BB84D4321}.Release|Any CPU.Build.0 = Release|iPhoneSimulator
		{F33797B2-8B20-4109-80BD-8D4BB84D4321}.Release|Any CPU.Deploy.0 = Release|iPhoneSimulator
		{F33797B2-8B20-4109-80BD-8D4BB84D4321}.Release|iPhone.ActiveCfg = Release|iPhone
		{F33797B2-8B20-4109-80BD-8D4BB84D4321}.Release|iPhone.Build.0 = Release|iPhone
		{F33797B2-8B20-4109-80BD-8D4BB84D4321}.Release|iPhone.Deploy.0 = Release|iPhone
		{F33797B2-8B20-4109-80BD-8D4BB84D4321}.Release|iPhoneSimulator.ActiveCfg = Release|iPhoneSimulator
		{F33797B2-8B20-4109-80BD-8D4BB84D4321}.Release|iPhoneSimulator.Build.0 = Release|iPhoneSimulator
		{F33797B2-8B20-4109-80BD-8D4BB84D4321}.Release|iPhoneSimulator.Deploy.0 = Release|iPhoneSimulator
		{9D17A9E4-CCEB-4F81-9619-3CB5C878EF0A}.Debug|Any CPU.ActiveCfg = Debug|Any CPU
		{9D17A9E4-CCEB-4F81-9619-3CB5C878EF0A}.Debug|Any CPU.Build.0 = Debug|Any CPU
		{9D17A9E4-CCEB-4F81-9619-3CB5C878EF0A}.Debug|Any CPU.Deploy.0 = Debug|Any CPU
		{9D17A9E4-CCEB-4F81-9619-3CB5C878EF0A}.Debug|iPhone.ActiveCfg = Debug|Any CPU
		{9D17A9E4-CCEB-4F81-9619-3CB5C878EF0A}.Debug|iPhone.Build.0 = Debug|Any CPU
		{9D17A9E4-CCEB-4F81-9619-3CB5C878EF0A}.Debug|iPhone.Deploy.0 = Debug|Any CPU
		{9D17A9E4-CCEB-4F81-9619-3CB5C878EF0A}.Debug|iPhoneSimulator.ActiveCfg = Debug|Any CPU
		{9D17A9E4-CCEB-4F81-9619-3CB5C878EF0A}.Debug|iPhoneSimulator.Build.0 = Debug|Any CPU
		{9D17A9E4-CCEB-4F81-9619-3CB5C878EF0A}.Debug|iPhoneSimulator.Deploy.0 = Debug|Any CPU
		{9D17A9E4-CCEB-4F81-9619-3CB5C878EF0A}.Release|Any CPU.ActiveCfg = Release|Any CPU
		{9D17A9E4-CCEB-4F81-9619-3CB5C878EF0A}.Release|Any CPU.Build.0 = Release|Any CPU
		{9D17A9E4-CCEB-4F81-9619-3CB5C878EF0A}.Release|Any CPU.Deploy.0 = Release|Any CPU
		{9D17A9E4-CCEB-4F81-9619-3CB5C878EF0A}.Release|iPhone.ActiveCfg = Release|Any CPU
		{9D17A9E4-CCEB-4F81-9619-3CB5C878EF0A}.Release|iPhone.Build.0 = Release|Any CPU
		{9D17A9E4-CCEB-4F81-9619-3CB5C878EF0A}.Release|iPhone.Deploy.0 = Release|Any CPU
		{9D17A9E4-CCEB-4F81-9619-3CB5C878EF0A}.Release|iPhoneSimulator.ActiveCfg = Release|Any CPU
		{9D17A9E4-CCEB-4F81-9619-3CB5C878EF0A}.Release|iPhoneSimulator.Build.0 = Release|Any CPU
		{9D17A9E4-CCEB-4F81-9619-3CB5C878EF0A}.Release|iPhoneSimulator.Deploy.0 = Release|Any CPU
	EndGlobalSection
	GlobalSection(SolutionProperties) = preSolution
		HideSolutionNode = FALSE
	EndGlobalSection
	GlobalSection(ExtensibilityGlobals) = postSolution
		SolutionGuid = {5A4E16A9-411A-4391-A1A7-63D6D8AE525E}
	EndGlobalSection
EndGlobal
