
Microsoft Visual Studio Solution File, Format Version 12.00
# Visual Studio Version 16
VisualStudioVersion = 16.0.32510.428
MinimumVisualStudioVersion = 10.0.40219.1
Project("{FAE04EC0-301F-11D3-BF4B-00C04F79EFBC}") = "SQLite1.Android", "SQLite1.Android\SQLite1.Android.csproj", "{A3318672-41ED-4F7C-B032-B595B7AE025D}"
EndProject
Project("{FAE04EC0-301F-11D3-BF4B-00C04F79EFBC}") = "SQLite1.iOS", "SQLite1.iOS\SQLite1.iOS.csproj", "{401C5BB6-B1E4-4276-A317-17A22ACE07AE}"
EndProject
Project("{FAE04EC0-301F-11D3-BF4B-00C04F79EFBC}") = "SQLite1", "SQLite1\SQLite1.csproj", "{AFB7C230-CB9F-4947-A6B2-7F27F7A9295A}"
EndProject
Global
	GlobalSection(SolutionConfigurationPlatforms) = preSolution
		Debug|Any CPU = Debug|Any CPU
		Debug|iPhone = Debug|iPhone
		Debug|iPhoneSimulator = Debug|iPhoneSimulator
		Release|Any CPU = Release|Any CPU
		Release|iPhone = Release|iPhone
		Release|iPhoneSimulator = Release|iPhoneSimulator
	EndGlobalSection
	GlobalSection(ProjectConfigurationPlatforms) = postSolution
		{A3318672-41ED-4F7C-B032-B595B7AE025D}.Debug|Any CPU.ActiveCfg = Debug|Any CPU
		{A3318672-41ED-4F7C-B032-B595B7AE025D}.Debug|Any CPU.Build.0 = Debug|Any CPU
		{A3318672-41ED-4F7C-B032-B595B7AE025D}.Debug|Any CPU.Deploy.0 = Debug|Any CPU
		{A3318672-41ED-4F7C-B032-B595B7AE025D}.Debug|iPhone.ActiveCfg = Debug|Any CPU
		{A3318672-41ED-4F7C-B032-B595B7AE025D}.Debug|iPhone.Build.0 = Debug|Any CPU
		{A3318672-41ED-4F7C-B032-B595B7AE025D}.Debug|iPhone.Deploy.0 = Debug|Any CPU
		{A3318672-41ED-4F7C-B032-B595B7AE025D}.Debug|iPhoneSimulator.ActiveCfg = Debug|Any CPU
		{A3318672-41ED-4F7C-B032-B595B7AE025D}.Debug|iPhoneSimulator.Build.0 = Debug|Any CPU
		{A3318672-41ED-4F7C-B032-B595B7AE025D}.Debug|iPhoneSimulator.Deploy.0 = Debug|Any CPU
		{A3318672-41ED-4F7C-B032-B595B7AE025D}.Release|Any CPU.ActiveCfg = Release|Any CPU
		{A3318672-41ED-4F7C-B032-B595B7AE025D}.Release|Any CPU.Build.0 = Release|Any CPU
		{A3318672-41ED-4F7C-B032-B595B7AE025D}.Release|Any CPU.Deploy.0 = Release|Any CPU
		{A3318672-41ED-4F7C-B032-B595B7AE025D}.Release|iPhone.ActiveCfg = Release|Any CPU
		{A3318672-41ED-4F7C-B032-B595B7AE025D}.Release|iPhone.Build.0 = Release|Any CPU
		{A3318672-41ED-4F7C-B032-B595B7AE025D}.Release|iPhone.Deploy.0 = Release|Any CPU
		{A3318672-41ED-4F7C-B032-B595B7AE025D}.Release|iPhoneSimulator.ActiveCfg = Release|Any CPU
		{A3318672-41ED-4F7C-B032-B595B7AE025D}.Release|iPhoneSimulator.Build.0 = Release|Any CPU
		{A3318672-41ED-4F7C-B032-B595B7AE025D}.Release|iPhoneSimulator.Deploy.0 = Release|Any CPU
		{401C5BB6-B1E4-4276-A317-17A22ACE07AE}.Debug|Any CPU.ActiveCfg = Debug|iPhone
		{401C5BB6-B1E4-4276-A317-17A22ACE07AE}.Debug|Any CPU.Build.0 = Debug|iPhone
		{401C5BB6-B1E4-4276-A317-17A22ACE07AE}.Debug|Any CPU.Deploy.0 = Debug|iPhone
		{401C5BB6-B1E4-4276-A317-17A22ACE07AE}.Debug|iPhone.ActiveCfg = Debug|iPhone
		{401C5BB6-B1E4-4276-A317-17A22ACE07AE}.Debug|iPhone.Build.0 = Debug|iPhone
		{401C5BB6-B1E4-4276-A317-17A22ACE07AE}.Debug|iPhone.Deploy.0 = Debug|iPhone
		{401C5BB6-B1E4-4276-A317-17A22ACE07AE}.Debug|iPhoneSimulator.ActiveCfg = Debug|iPhoneSimulator
		{401C5BB6-B1E4-4276-A317-17A22ACE07AE}.Debug|iPhoneSimulator.Build.0 = Debug|iPhoneSimulator
		{401C5BB6-B1E4-4276-A317-17A22ACE07AE}.Debug|iPhoneSimulator.Deploy.0 = Debug|iPhoneSimulator
		{401C5BB6-B1E4-4276-A317-17A22ACE07AE}.Release|Any CPU.ActiveCfg = Release|iPhoneSimulator
		{401C5BB6-B1E4-4276-A317-17A22ACE07AE}.Release|Any CPU.Build.0 = Release|iPhoneSimulator
		{401C5BB6-B1E4-4276-A317-17A22ACE07AE}.Release|Any CPU.Deploy.0 = Release|iPhoneSimulator
		{401C5BB6-B1E4-4276-A317-17A22ACE07AE}.Release|iPhone.ActiveCfg = Release|iPhone
		{401C5BB6-B1E4-4276-A317-17A22ACE07AE}.Release|iPhone.Build.0 = Release|iPhone
		{401C5BB6-B1E4-4276-A317-17A22ACE07AE}.Release|iPhone.Deploy.0 = Release|iPhone
		{401C5BB6-B1E4-4276-A317-17A22ACE07AE}.Release|iPhoneSimulator.ActiveCfg = Release|iPhoneSimulator
		{401C5BB6-B1E4-4276-A317-17A22ACE07AE}.Release|iPhoneSimulator.Build.0 = Release|iPhoneSimulator
		{401C5BB6-B1E4-4276-A317-17A22ACE07AE}.Release|iPhoneSimulator.Deploy.0 = Release|iPhoneSimulator
		{AFB7C230-CB9F-4947-A6B2-7F27F7A9295A}.Debug|Any CPU.ActiveCfg = Debug|Any CPU
		{AFB7C230-CB9F-4947-A6B2-7F27F7A9295A}.Debug|Any CPU.Build.0 = Debug|Any CPU
		{AFB7C230-CB9F-4947-A6B2-7F27F7A9295A}.Debug|Any CPU.Deploy.0 = Debug|Any CPU
		{AFB7C230-CB9F-4947-A6B2-7F27F7A9295A}.Debug|iPhone.ActiveCfg = Debug|Any CPU
		{AFB7C230-CB9F-4947-A6B2-7F27F7A9295A}.Debug|iPhone.Build.0 = Debug|Any CPU
		{AFB7C230-CB9F-4947-A6B2-7F27F7A9295A}.Debug|iPhone.Deploy.0 = Debug|Any CPU
		{AFB7C230-CB9F-4947-A6B2-7F27F7A9295A}.Debug|iPhoneSimulator.ActiveCfg = Debug|Any CPU
		{AFB7C230-CB9F-4947-A6B2-7F27F7A9295A}.Debug|iPhoneSimulator.Build.0 = Debug|Any CPU
		{AFB7C230-CB9F-4947-A6B2-7F27F7A9295A}.Debug|iPhoneSimulator.Deploy.0 = Debug|Any CPU
		{AFB7C230-CB9F-4947-A6B2-7F27F7A9295A}.Release|Any CPU.ActiveCfg = Release|Any CPU
		{AFB7C230-CB9F-4947-A6B2-7F27F7A9295A}.Release|Any CPU.Build.0 = Release|Any CPU
		{AFB7C230-CB9F-4947-A6B2-7F27F7A9295A}.Release|Any CPU.Deploy.0 = Release|Any CPU
		{AFB7C230-CB9F-4947-A6B2-7F27F7A9295A}.Release|iPhone.ActiveCfg = Release|Any CPU
		{AFB7C230-CB9F-4947-A6B2-7F27F7A9295A}.Release|iPhone.Build.0 = Release|Any CPU
		{AFB7C230-CB9F-4947-A6B2-7F27F7A9295A}.Release|iPhone.Deploy.0 = Release|Any CPU
		{AFB7C230-CB9F-4947-A6B2-7F27F7A9295A}.Release|iPhoneSimulator.ActiveCfg = Release|Any CPU
		{AFB7C230-CB9F-4947-A6B2-7F27F7A9295A}.Release|iPhoneSimulator.Build.0 = Release|Any CPU
		{AFB7C230-CB9F-4947-A6B2-7F27F7A9295A}.Release|iPhoneSimulator.Deploy.0 = Release|Any CPU
	EndGlobalSection
	GlobalSection(SolutionProperties) = preSolution
		HideSolutionNode = FALSE
	EndGlobalSection
	GlobalSection(ExtensibilityGlobals) = postSolution
		SolutionGuid = {2A8ECF60-EAAF-42E2-844F-948FE0B55EC4}
	EndGlobalSection
EndGlobal
